
Microsoft Visual Studio Solution File, Format Version 12.00
# Visual Studio Version 16
VisualStudioVersion = 16.0.29709.97
MinimumVisualStudioVersion = 10.0.40219.1
Project("{FAE04EC0-301F-11D3-BF4B-00C04F79EFBC}") = "UniversityController", "UniversityController\UniversityController.csproj", "{506398D0-4622-4C18-818C-360CDE5D13CE}"
EndProject
Global
	GlobalSection(SolutionConfigurationPlatforms) = preSolution
		Debug|Any CPU = Debug|Any CPU
		Release|Any CPU = Release|Any CPU
	EndGlobalSection
	GlobalSection(ProjectConfigurationPlatforms) = postSolution
		{506398D0-4622-4C18-818C-360CDE5D13CE}.Debug|Any CPU.ActiveCfg = Debug|Any CPU
		{506398D0-4622-4C18-818C-360CDE5D13CE}.Debug|Any CPU.Build.0 = Debug|Any CPU
		{506398D0-4622-4C18-818C-360CDE5D13CE}.Release|Any CPU.ActiveCfg = Release|Any CPU
		{506398D0-4622-4C18-818C-360CDE5D13CE}.Release|Any CPU.Build.0 = Release|Any CPU
	EndGlobalSection
	GlobalSection(SolutionProperties) = preSolution
		HideSolutionNode = FALSE
	EndGlobalSection
	GlobalSection(ExtensibilityGlobals) = postSolution
		SolutionGuid = {6F29F748-D671-424A-BC25-BD5A0EB844AF}
	EndGlobalSection
EndGlobal
